// !$*UTF8*$!
{
	archiveVersion = 1;
	classes = {
	};
	objectVersion = 50;
	objects = {

/* Begin PBXBuildFile section */
		39B198BA25164EF0007D04D5 /* 2.cpp in Sources */ = {isa = PBXBuildFile; fileRef = 39B198B925164EF0007D04D5 /* 2.cpp */; };
/* End PBXBuildFile section */

/* Begin PBXCopyFilesBuildPhase section */
		39DAA3BE250E540D00779AB4 /* CopyFiles */ = {
			isa = PBXCopyFilesBuildPhase;
			buildActionMask = 2147483647;
			dstPath = /usr/share/man/man1/;
			dstSubfolderSpec = 0;
			files = (
			);
			runOnlyForDeploymentPostprocessing = 1;
		};
/* End PBXCopyFilesBuildPhase section */

/* Begin PBXFileReference section */
		39AA696F2512492C0062DB3D /* KnightOfKingdom.cpp */ = {isa = PBXFileReference; lastKnownFileType = sourcecode.cpp.cpp; path = KnightOfKingdom.cpp; sourceTree = "<group>"; };
		39B198B62516447E007D04D5 /* 1.cpp */ = {isa = PBXFileReference; lastKnownFileType = sourcecode.cpp.cpp; path = 1.cpp; sourceTree = "<group>"; };
		39B198B925164EF0007D04D5 /* 2.cpp */ = {isa = PBXFileReference; lastKnownFileType = sourcecode.cpp.cpp; path = 2.cpp; sourceTree = "<group>"; };
		39B48046250E661B0016619B /* 1.cpp */ = {isa = PBXFileReference; lastKnownFileType = sourcecode.cpp.cpp; path = 1.cpp; sourceTree = "<group>"; };
		39B48049250E7B200016619B /* 2.cpp */ = {isa = PBXFileReference; lastKnownFileType = sourcecode.cpp.cpp; path = 2.cpp; sourceTree = "<group>"; };
		39DAA3C0250E540D00779AB4 /* BOJ_xcode */ = {isa = PBXFileReference; explicitFileType = "compiled.mach-o.executable"; includeInIndex = 0; path = BOJ_xcode; sourceTree = BUILT_PRODUCTS_DIR; };
		39DAA3CD250E546300779AB4 /* 18352.cpp */ = {isa = PBXFileReference; fileEncoding = 4; lastKnownFileType = sourcecode.cpp.cpp; path = 18352.cpp; sourceTree = "<group>"; };
		39DAA3D2250E5DEE00779AB4 /* 5585.cpp */ = {isa = PBXFileReference; lastKnownFileType = sourcecode.cpp.cpp; path = 5585.cpp; sourceTree = "<group>"; };
/* End PBXFileReference section */

/* Begin PBXFrameworksBuildPhase section */
		39DAA3BD250E540D00779AB4 /* Frameworks */ = {
			isa = PBXFrameworksBuildPhase;
			buildActionMask = 2147483647;
			files = (
			);
			runOnlyForDeploymentPostprocessing = 0;
		};
/* End PBXFrameworksBuildPhase section */

/* Begin PBXGroup section */
		39AA696E251248BE0062DB3D /* Implementation */ = {
			isa = PBXGroup;
			children = (
				39AA696F2512492C0062DB3D /* KnightOfKingdom.cpp */,
			);
			path = Implementation;
			sourceTree = "<group>";
		};
		39B198B525164463007D04D5 /* Sorting */ = {
			isa = PBXGroup;
			children = (
				39B198B62516447E007D04D5 /* 1.cpp */,
				39B198B925164EF0007D04D5 /* 2.cpp */,
			);
			path = Sorting;
			sourceTree = "<group>";
		};
		39B48045250E66060016619B /* Greedy */ = {
			isa = PBXGroup;
			children = (
				39B48046250E661B0016619B /* 1.cpp */,
				39B48049250E7B200016619B /* 2.cpp */,
			);
			path = Greedy;
			sourceTree = "<group>";
		};
		39DAA3B7250E540D00779AB4 = {
			isa = PBXGroup;
			children = (
				39DAA3C2250E540D00779AB4 /* BOJ_xcode */,
				39DAA3C1250E540D00779AB4 /* Products */,
			);
			sourceTree = "<group>";
		};
		39DAA3C1250E540D00779AB4 /* Products */ = {
			isa = PBXGroup;
			children = (
				39DAA3C0250E540D00779AB4 /* BOJ_xcode */,
			);
			name = Products;
			sourceTree = "<group>";
		};
		39DAA3C2250E540D00779AB4 /* BOJ_xcode */ = {
			isa = PBXGroup;
			children = (
				39B198B525164463007D04D5 /* Sorting */,
				39AA696E251248BE0062DB3D /* Implementation */,
				39B48045250E66060016619B /* Greedy */,
				39DAA3D1250E5DD200779AB4 /* 5585 */,
				39DAA3CA250E542600779AB4 /* 18352 */,
			);
			path = BOJ_xcode;
			sourceTree = "<group>";
		};
		39DAA3CA250E542600779AB4 /* 18352 */ = {
			isa = PBXGroup;
			children = (
				39DAA3CD250E546300779AB4 /* 18352.cpp */,
			);
			path = 18352;
			sourceTree = "<group>";
		};
		39DAA3D1250E5DD200779AB4 /* 5585 */ = {
			isa = PBXGroup;
			children = (
				39DAA3D2250E5DEE00779AB4 /* 5585.cpp */,
			);
			path = 5585;
			sourceTree = "<group>";
		};
/* End PBXGroup section */

/* Begin PBXNativeTarget section */
		39DAA3BF250E540D00779AB4 /* BOJ_xcode */ = {
			isa = PBXNativeTarget;
			buildConfigurationList = 39DAA3C7250E540D00779AB4 /* Build configuration list for PBXNativeTarget "BOJ_xcode" */;
			buildPhases = (
				39DAA3BC250E540D00779AB4 /* Sources */,
				39DAA3BD250E540D00779AB4 /* Frameworks */,
				39DAA3BE250E540D00779AB4 /* CopyFiles */,
			);
			buildRules = (
			);
			dependencies = (
			);
			name = BOJ_xcode;
			productName = BOJ_xcode;
			productReference = 39DAA3C0250E540D00779AB4 /* BOJ_xcode */;
			productType = "com.apple.product-type.tool";
		};
/* End PBXNativeTarget section */

/* Begin PBXProject section */
		39DAA3B8250E540D00779AB4 /* Project object */ = {
			isa = PBXProject;
			attributes = {
				LastUpgradeCheck = 1130;
				ORGANIZATIONNAME = "김재경";
				TargetAttributes = {
					39DAA3BF250E540D00779AB4 = {
						CreatedOnToolsVersion = 11.3.1;
					};
				};
			};
			buildConfigurationList = 39DAA3BB250E540D00779AB4 /* Build configuration list for PBXProject "BOJ_xcode" */;
			compatibilityVersion = "Xcode 9.3";
			developmentRegion = en;
			hasScannedForEncodings = 0;
			knownRegions = (
				en,
				Base,
			);
			mainGroup = 39DAA3B7250E540D00779AB4;
			productRefGroup = 39DAA3C1250E540D00779AB4 /* Products */;
			projectDirPath = "";
			projectRoot = "";
			targets = (
				39DAA3BF250E540D00779AB4 /* BOJ_xcode */,
			);
		};
/* End PBXProject section */

/* Begin PBXSourcesBuildPhase section */
		39DAA3BC250E540D00779AB4 /* Sources */ = {
			isa = PBXSourcesBuildPhase;
			buildActionMask = 2147483647;
			files = (
				39B198BA25164EF0007D04D5 /* 2.cpp in Sources */,
			);
			runOnlyForDeploymentPostprocessing = 0;
		};
/* End PBXSourcesBuildPhase section */

/* Begin XCBuildConfiguration section */
		39DAA3C5250E540D00779AB4 /* Debug */ = {
			isa = XCBuildConfiguration;
			buildSettings = {
				ALWAYS_SEARCH_USER_PATHS = NO;
				CLANG_ANALYZER_NONNULL = YES;
				CLANG_ANALYZER_NUMBER_OBJECT_CONVERSION = YES_AGGRESSIVE;
				CLANG_CXX_LANGUAGE_STANDARD = "gnu++14";
				CLANG_CXX_LIBRARY = "libc++";
				CLANG_ENABLE_MODULES = YES;
				CLANG_ENABLE_OBJC_ARC = YES;
				CLANG_ENABLE_OBJC_WEAK = YES;
				CLANG_WARN_BLOCK_CAPTURE_AUTORELEASING = YES;
				CLANG_WARN_BOOL_CONVERSION = YES;
				CLANG_WARN_COMMA = YES;
				CLANG_WARN_CONSTANT_CONVERSION = YES;
				CLANG_WARN_DEPRECATED_OBJC_IMPLEMENTATIONS = YES;
				CLANG_WARN_DIRECT_OBJC_ISA_USAGE = YES_ERROR;
				CLANG_WARN_DOCUMENTATION_COMMENTS = YES;
				CLANG_WARN_EMPTY_BODY = YES;
				CLANG_WARN_ENUM_CONVERSION = YES;
				CLANG_WARN_INFINITE_RECURSION = YES;
				CLANG_WARN_INT_CONVERSION = YES;
				CLANG_WARN_NON_LITERAL_NULL_CONVERSION = YES;
				CLANG_WARN_OBJC_IMPLICIT_RETAIN_SELF = YES;
				CLANG_WARN_OBJC_LITERAL_CONVERSION = YES;
				CLANG_WARN_OBJC_ROOT_CLASS = YES_ERROR;
				CLANG_WARN_RANGE_LOOP_ANALYSIS = YES;
				CLANG_WARN_STRICT_PROTOTYPES = YES;
				CLANG_WARN_SUSPICIOUS_MOVE = YES;
				CLANG_WARN_UNGUARDED_AVAILABILITY = YES_AGGRESSIVE;
				CLANG_WARN_UNREACHABLE_CODE = YES;
				CLANG_WARN__DUPLICATE_METHOD_MATCH = YES;
				COPY_PHASE_STRIP = NO;
				DEBUG_INFORMATION_FORMAT = dwarf;
				ENABLE_STRICT_OBJC_MSGSEND = YES;
				ENABLE_TESTABILITY = YES;
				GCC_C_LANGUAGE_STANDARD = gnu11;
				GCC_DYNAMIC_NO_PIC = NO;
				GCC_NO_COMMON_BLOCKS = YES;
				GCC_OPTIMIZATION_LEVEL = 0;
				GCC_PREPROCESSOR_DEFINITIONS = (
					"DEBUG=1",
					"$(inherited)",
				);
				GCC_WARN_64_TO_32_BIT_CONVERSION = YES;
				GCC_WARN_ABOUT_RETURN_TYPE = YES_ERROR;
				GCC_WARN_UNDECLARED_SELECTOR = YES;
				GCC_WARN_UNINITIALIZED_AUTOS = YES_AGGRESSIVE;
				GCC_WARN_UNUSED_FUNCTION = YES;
				GCC_WARN_UNUSED_VARIABLE = YES;
				MACOSX_DEPLOYMENT_TARGET = 10.15;
				MTL_ENABLE_DEBUG_INFO = INCLUDE_SOURCE;
				MTL_FAST_MATH = YES;
				ONLY_ACTIVE_ARCH = YES;
				SDKROOT = macosx;
			};
			name = Debug;
		};
		39DAA3C6250E540D00779AB4 /* Release */ = {
			isa = XCBuildConfiguration;
			buildSettings = {
				ALWAYS_SEARCH_USER_PATHS = NO;
				CLANG_ANALYZER_NONNULL = YES;
				CLANG_ANALYZER_NUMBER_OBJECT_CONVERSION = YES_AGGRESSIVE;
				CLANG_CXX_LANGUAGE_STANDARD = "gnu++14";
				CLANG_CXX_LIBRARY = "libc++";
				CLANG_ENABLE_MODULES = YES;
				CLANG_ENABLE_OBJC_ARC = YES;
				CLANG_ENABLE_OBJC_WEAK = YES;
				CLANG_WARN_BLOCK_CAPTURE_AUTORELEASING = YES;
				CLANG_WARN_BOOL_CONVERSION = YES;
				CLANG_WARN_COMMA = YES;
				CLANG_WARN_CONSTANT_CONVERSION = YES;
				CLANG_WARN_DEPRECATED_OBJC_IMPLEMENTATIONS = YES;
				CLANG_WARN_DIRECT_OBJC_ISA_USAGE = YES_ERROR;
				CLANG_WARN_DOCUMENTATION_COMMENTS = YES;
				CLANG_WARN_EMPTY_BODY = YES;
				CLANG_WARN_ENUM_CONVERSION = YES;
				CLANG_WARN_INFINITE_RECURSION = YES;
				CLANG_WARN_INT_CONVERSION = YES;
				CLANG_WARN_NON_LITERAL_NULL_CONVERSION = YES;
				CLANG_WARN_OBJC_IMPLICIT_RETAIN_SELF = YES;
				CLANG_WARN_OBJC_LITERAL_CONVERSION = YES;
				CLANG_WARN_OBJC_ROOT_CLASS = YES_ERROR;
				CLANG_WARN_RANGE_LOOP_ANALYSIS = YES;
				CLANG_WARN_STRICT_PROTOTYPES = YES;
				CLANG_WARN_SUSPICIOUS_MOVE = YES;
				CLANG_WARN_UNGUARDED_AVAILABILITY = YES_AGGRESSIVE;
				CLANG_WARN_UNREACHABLE_CODE = YES;
				CLANG_WARN__DUPLICATE_METHOD_MATCH = YES;
				COPY_PHASE_STRIP = NO;
				DEBUG_INFORMATION_FORMAT = "dwarf-with-dsym";
				ENABLE_NS_ASSERTIONS = NO;
				ENABLE_STRICT_OBJC_MSGSEND = YES;
				GCC_C_LANGUAGE_STANDARD = gnu11;
				GCC_NO_COMMON_BLOCKS = YES;
				GCC_WARN_64_TO_32_BIT_CONVERSION = YES;
				GCC_WARN_ABOUT_RETURN_TYPE = YES_ERROR;
				GCC_WARN_UNDECLARED_SELECTOR = YES;
				GCC_WARN_UNINITIALIZED_AUTOS = YES_AGGRESSIVE;
				GCC_WARN_UNUSED_FUNCTION = YES;
				GCC_WARN_UNUSED_VARIABLE = YES;
				MACOSX_DEPLOYMENT_TARGET = 10.15;
				MTL_ENABLE_DEBUG_INFO = NO;
				MTL_FAST_MATH = YES;
				SDKROOT = macosx;
			};
			name = Release;
		};
		39DAA3C8250E540D00779AB4 /* Debug */ = {
			isa = XCBuildConfiguration;
			buildSettings = {
				CODE_SIGN_STYLE = Automatic;
				PRODUCT_NAME = "$(TARGET_NAME)";
			};
			name = Debug;
		};
		39DAA3C9250E540D00779AB4 /* Release */ = {
			isa = XCBuildConfiguration;
			buildSettings = {
				CODE_SIGN_STYLE = Automatic;
				PRODUCT_NAME = "$(TARGET_NAME)";
			};
			name = Release;
		};
/* End XCBuildConfiguration section */

/* Begin XCConfigurationList section */
		39DAA3BB250E540D00779AB4 /* Build configuration list for PBXProject "BOJ_xcode" */ = {
			isa = XCConfigurationList;
			buildConfigurations = (
				39DAA3C5250E540D00779AB4 /* Debug */,
				39DAA3C6250E540D00779AB4 /* Release */,
			);
			defaultConfigurationIsVisible = 0;
			defaultConfigurationName = Release;
		};
		39DAA3C7250E540D00779AB4 /* Build configuration list for PBXNativeTarget "BOJ_xcode" */ = {
			isa = XCConfigurationList;
			buildConfigurations = (
				39DAA3C8250E540D00779AB4 /* Debug */,
				39DAA3C9250E540D00779AB4 /* Release */,
			);
			defaultConfigurationIsVisible = 0;
			defaultConfigurationName = Release;
		};
/* End XCConfigurationList section */
	};
	rootObject = 39DAA3B8250E540D00779AB4 /* Project object */;
}
